Microsoft Visual Studio Solution File, Format Version 12.00
# Visual Studio Version 17
VisualStudioVersion = 17.5.2.0
MinimumVisualStudioVersion = 10.0.40219.1
Project("{2150E333-8FDC-42A3-9474-1A3956D46DE8}") = "Source", "Source", "{B8EFCA5F-814F-285C-A8CB-F00F14650265}"
EndProject
Project("{FAE04EC0-301F-11D3-BF4B-00C04F79EFBC}") = "PawnChronicles", "Source\PawnChronicles.csproj", "{7FA8714C-B5BC-9C49-F777-B22512CA8010}"
EndProject
Global
	GlobalSection(SolutionConfigurationPlatforms) = preSolution
		Debug|Any CPU = Debug|Any CPU
		Release|Any CPU = Release|Any CPU
	EndGlobalSection
	GlobalSection(ProjectConfigurationPlatforms) = postSolution
		{7FA8714C-B5BC-9C49-F777-B22512CA8010}.Debug|Any CPU.ActiveCfg = Debug|Any CPU
		{7FA8714C-B5BC-9C49-F777-B22512CA8010}.Debug|Any CPU.Build.0 = Debug|Any CPU
		{7FA8714C-B5BC-9C49-F777-B22512CA8010}.Release|Any CPU.ActiveCfg = Release|Any CPU
		{7FA8714C-B5BC-9C49-F777-B22512CA8010}.Release|Any CPU.Build.0 = Release|Any CPU
	EndGlobalSection
	GlobalSection(SolutionProperties) = preSolution
		HideSolutionNode = FALSE
	EndGlobalSection
	GlobalSection(NestedProjects) = preSolution
		{7FA8714C-B5BC-9C49-F777-B22512CA8010} = {B8EFCA5F-814F-285C-A8CB-F00F14650265}
	EndGlobalSection
	GlobalSection(ExtensibilityGlobals) = postSolution
		SolutionGuid = {B248EEA4-6989-454C-9C2E-4B1D4E45E6EC}
	EndGlobalSection
EndGlobal
